
Microsoft Visual Studio Solution File, Format Version 12.00
# Visual Studio Version 16
VisualStudioVersion = 16.0.32602.291
MinimumVisualStudioVersion = 10.0.40219.1
Project("{FAE04EC0-301F-11D3-BF4B-00C04F79EFBC}") = "Asal sayı kontrolü", "Asal sayı kontrolü\Asal sayı kontrolü.csproj", "{6C975332-1AE1-4122-9C90-ED5B471D3B15}"
EndProject
Global
	GlobalSection(SolutionConfigurationPlatforms) = preSolution
		Debug|Any CPU = Debug|Any CPU
		Release|Any CPU = Release|Any CPU
	EndGlobalSection
	GlobalSection(ProjectConfigurationPlatforms) = postSolution
		{6C975332-1AE1-4122-9C90-ED5B471D3B15}.Debug|Any CPU.ActiveCfg = Debug|Any CPU
		{6C975332-1AE1-4122-9C90-ED5B471D3B15}.Debug|Any CPU.Build.0 = Debug|Any CPU
		{6C975332-1AE1-4122-9C90-ED5B471D3B15}.Release|Any CPU.ActiveCfg = Release|Any CPU
		{6C975332-1AE1-4122-9C90-ED5B471D3B15}.Release|Any CPU.Build.0 = Release|Any CPU
	EndGlobalSection
	GlobalSection(SolutionProperties) = preSolution
		HideSolutionNode = FALSE
	EndGlobalSection
	GlobalSection(ExtensibilityGlobals) = postSolution
		SolutionGuid = {5CCAFB74-2EAA-43A1-B455-A0D1DFE60FCE}
	EndGlobalSection
EndGlobal
